
Microsoft Visual Studio Solution File, Format Version 12.00
# Visual Studio 15
VisualStudioVersion = 15.0.27703.2035
MinimumVisualStudioVersion = 10.0.40219.1
Project("{A07B5EB6-E848-4116-A8D0-A826331D98C6}") = "E_Commerce", "E-Commerce\E_Commerce.sfproj", "{48A8BCA8-156C-4655-96D4-1430E2385CE4}"
EndProject
Project("{FAE04EC0-301F-11D3-BF4B-00C04F79EFBC}") = "ECommerce.ProductCatalog", "ECommerce.ProductCatalog\ECommerce.ProductCatalog.csproj", "{8EFDCCBC-3DA9-42F4-AF5C-3A08A32B3F10}"
EndProject
Global
	GlobalSection(SolutionConfigurationPlatforms) = preSolution
		Debug|x64 = Debug|x64
		Release|x64 = Release|x64
	EndGlobalSection
	GlobalSection(ProjectConfigurationPlatforms) = postSolution
		{48A8BCA8-156C-4655-96D4-1430E2385CE4}.Debug|x64.ActiveCfg = Debug|x64
		{48A8BCA8-156C-4655-96D4-1430E2385CE4}.Debug|x64.Build.0 = Debug|x64
		{48A8BCA8-156C-4655-96D4-1430E2385CE4}.Debug|x64.Deploy.0 = Debug|x64
		{48A8BCA8-156C-4655-96D4-1430E2385CE4}.Release|x64.ActiveCfg = Release|x64
		{48A8BCA8-156C-4655-96D4-1430E2385CE4}.Release|x64.Build.0 = Release|x64
		{48A8BCA8-156C-4655-96D4-1430E2385CE4}.Release|x64.Deploy.0 = Release|x64
		{8EFDCCBC-3DA9-42F4-AF5C-3A08A32B3F10}.Debug|x64.ActiveCfg = Debug|x64
		{8EFDCCBC-3DA9-42F4-AF5C-3A08A32B3F10}.Debug|x64.Build.0 = Debug|x64
		{8EFDCCBC-3DA9-42F4-AF5C-3A08A32B3F10}.Release|x64.ActiveCfg = Release|x64
		{8EFDCCBC-3DA9-42F4-AF5C-3A08A32B3F10}.Release|x64.Build.0 = Release|x64
	EndGlobalSection
	GlobalSection(SolutionProperties) = preSolution
		HideSolutionNode = FALSE
	EndGlobalSection
	GlobalSection(ExtensibilityGlobals) = postSolution
		SolutionGuid = {40DBBA3A-B402-4CE7-A4D3-568469B95FBC}
	EndGlobalSection
EndGlobal
